
Microsoft Visual Studio Solution File, Format Version 12.00
# Visual Studio Version 16
VisualStudioVersion = 16.0.30611.23
MinimumVisualStudioVersion = 10.0.40219.1
Project("{FAE04EC0-301F-11D3-BF4B-00C04F79EFBC}") = "Lab1c", "Lab1c.csproj", "{C4C081F4-4F59-4682-82D3-0B3A8FB42D52}"
EndProject
Global
	GlobalSection(SolutionConfigurationPlatforms) = preSolution
		Debug|Any CPU = Debug|Any CPU
		Release|Any CPU = Release|Any CPU
	EndGlobalSection
	GlobalSection(ProjectConfigurationPlatforms) = postSolution
		{C4C081F4-4F59-4682-82D3-0B3A8FB42D52}.Debug|Any CPU.ActiveCfg = Debug|Any CPU
		{C4C081F4-4F59-4682-82D3-0B3A8FB42D52}.Debug|Any CPU.Build.0 = Debug|Any CPU
		{C4C081F4-4F59-4682-82D3-0B3A8FB42D52}.Release|Any CPU.ActiveCfg = Release|Any CPU
		{C4C081F4-4F59-4682-82D3-0B3A8FB42D52}.Release|Any CPU.Build.0 = Release|Any CPU
	EndGlobalSection
	GlobalSection(SolutionProperties) = preSolution
		HideSolutionNode = FALSE
	EndGlobalSection
	GlobalSection(ExtensibilityGlobals) = postSolution
		SolutionGuid = {D39BB135-E702-48DD-B06D-A60488DC0938}
	EndGlobalSection
EndGlobal
