
Microsoft Visual Studio Solution File, Format Version 12.00
# Visual Studio Version 16
VisualStudioVersion = 16.0.30611.23
MinimumVisualStudioVersion = 10.0.40219.1
Project("{FAE04EC0-301F-11D3-BF4B-00C04F79EFBC}") = "Lab5a", "Lab5a.csproj", "{8950B273-9082-44E6-A7A9-75A35E63D9DB}"
EndProject
Global
	GlobalSection(SolutionConfigurationPlatforms) = preSolution
		Debug|Any CPU = Debug|Any CPU
		Release|Any CPU = Release|Any CPU
	EndGlobalSection
	GlobalSection(ProjectConfigurationPlatforms) = postSolution
		{8950B273-9082-44E6-A7A9-75A35E63D9DB}.Debug|Any CPU.ActiveCfg = Debug|Any CPU
		{8950B273-9082-44E6-A7A9-75A35E63D9DB}.Debug|Any CPU.Build.0 = Debug|Any CPU
		{8950B273-9082-44E6-A7A9-75A35E63D9DB}.Release|Any CPU.ActiveCfg = Release|Any CPU
		{8950B273-9082-44E6-A7A9-75A35E63D9DB}.Release|Any CPU.Build.0 = Release|Any CPU
	EndGlobalSection
	GlobalSection(SolutionProperties) = preSolution
		HideSolutionNode = FALSE
	EndGlobalSection
	GlobalSection(ExtensibilityGlobals) = postSolution
		SolutionGuid = {6C04E9DC-6F1B-4F9F-81E2-9699EC429763}
	EndGlobalSection
EndGlobal
