
Microsoft Visual Studio Solution File, Format Version 12.00
# Visual Studio Version 16
VisualStudioVersion = 16.0.30611.23
MinimumVisualStudioVersion = 10.0.40219.1
Project("{FAE04EC0-301F-11D3-BF4B-00C04F79EFBC}") = "Lab2b", "Lab2b.csproj", "{A3A651A4-DBA6-4E4A-97BC-7022B925F93E}"
EndProject
Global
	GlobalSection(SolutionConfigurationPlatforms) = preSolution
		Debug|Any CPU = Debug|Any CPU
		Release|Any CPU = Release|Any CPU
	EndGlobalSection
	GlobalSection(ProjectConfigurationPlatforms) = postSolution
		{A3A651A4-DBA6-4E4A-97BC-7022B925F93E}.Debug|Any CPU.ActiveCfg = Debug|Any CPU
		{A3A651A4-DBA6-4E4A-97BC-7022B925F93E}.Debug|Any CPU.Build.0 = Debug|Any CPU
		{A3A651A4-DBA6-4E4A-97BC-7022B925F93E}.Release|Any CPU.ActiveCfg = Release|Any CPU
		{A3A651A4-DBA6-4E4A-97BC-7022B925F93E}.Release|Any CPU.Build.0 = Release|Any CPU
	EndGlobalSection
	GlobalSection(SolutionProperties) = preSolution
		HideSolutionNode = FALSE
	EndGlobalSection
	GlobalSection(ExtensibilityGlobals) = postSolution
		SolutionGuid = {A1652D8B-4608-41D2-B85B-7A1FD21894B3}
	EndGlobalSection
EndGlobal
