
Microsoft Visual Studio Solution File, Format Version 12.00
# Visual Studio Version 16
VisualStudioVersion = 16.0.30611.23
MinimumVisualStudioVersion = 10.0.40219.1
Project("{FAE04EC0-301F-11D3-BF4B-00C04F79EFBC}") = "Lab2e", "Lab2e.csproj", "{EFCED04E-2025-4400-802E-9295B5762E08}"
EndProject
Global
	GlobalSection(SolutionConfigurationPlatforms) = preSolution
		Debug|Any CPU = Debug|Any CPU
		Release|Any CPU = Release|Any CPU
	EndGlobalSection
	GlobalSection(ProjectConfigurationPlatforms) = postSolution
		{EFCED04E-2025-4400-802E-9295B5762E08}.Debug|Any CPU.ActiveCfg = Debug|Any CPU
		{EFCED04E-2025-4400-802E-9295B5762E08}.Debug|Any CPU.Build.0 = Debug|Any CPU
		{EFCED04E-2025-4400-802E-9295B5762E08}.Release|Any CPU.ActiveCfg = Release|Any CPU
		{EFCED04E-2025-4400-802E-9295B5762E08}.Release|Any CPU.Build.0 = Release|Any CPU
	EndGlobalSection
	GlobalSection(SolutionProperties) = preSolution
		HideSolutionNode = FALSE
	EndGlobalSection
	GlobalSection(ExtensibilityGlobals) = postSolution
		SolutionGuid = {E8B962FB-BB28-49F8-8D91-DBB55207A772}
	EndGlobalSection
EndGlobal
