
Microsoft Visual Studio Solution File, Format Version 12.00
# Visual Studio Version 16
VisualStudioVersion = 16.0.30611.23
MinimumVisualStudioVersion = 10.0.40219.1
Project("{FAE04EC0-301F-11D3-BF4B-00C04F79EFBC}") = "Lab5b", "Lab5b.csproj", "{BADA3DAD-B582-4E3A-AE2E-DA6DDFAC19FD}"
EndProject
Global
	GlobalSection(SolutionConfigurationPlatforms) = preSolution
		Debug|Any CPU = Debug|Any CPU
		Release|Any CPU = Release|Any CPU
	EndGlobalSection
	GlobalSection(ProjectConfigurationPlatforms) = postSolution
		{BADA3DAD-B582-4E3A-AE2E-DA6DDFAC19FD}.Debug|Any CPU.ActiveCfg = Debug|Any CPU
		{BADA3DAD-B582-4E3A-AE2E-DA6DDFAC19FD}.Debug|Any CPU.Build.0 = Debug|Any CPU
		{BADA3DAD-B582-4E3A-AE2E-DA6DDFAC19FD}.Release|Any CPU.ActiveCfg = Release|Any CPU
		{BADA3DAD-B582-4E3A-AE2E-DA6DDFAC19FD}.Release|Any CPU.Build.0 = Release|Any CPU
	EndGlobalSection
	GlobalSection(SolutionProperties) = preSolution
		HideSolutionNode = FALSE
	EndGlobalSection
	GlobalSection(ExtensibilityGlobals) = postSolution
		SolutionGuid = {FA63FB29-2759-4686-9815-BC64F1055095}
	EndGlobalSection
EndGlobal
